
Microsoft Visual Studio Solution File, Format Version 12.00
# Visual Studio Version 17
VisualStudioVersion = 17.10.34916.146
MinimumVisualStudioVersion = 10.0.40219.1
Project("{FAE04EC0-301F-11D3-BF4B-00C04F79EFBC}") = "Backend", "Backend\Backend.csproj", "{0CB99819-A666-496E-89A2-C83596246595}"
EndProject
Global
	GlobalSection(SolutionConfigurationPlatforms) = preSolution
		Debug|Any CPU = Debug|Any CPU
		Release|Any CPU = Release|Any CPU
	EndGlobalSection
	GlobalSection(ProjectConfigurationPlatforms) = postSolution
		{0CB99819-A666-496E-89A2-C83596246595}.Debug|Any CPU.ActiveCfg = Debug|Any CPU
		{0CB99819-A666-496E-89A2-C83596246595}.Debug|Any CPU.Build.0 = Debug|Any CPU
		{0CB99819-A666-496E-89A2-C83596246595}.Release|Any CPU.ActiveCfg = Release|Any CPU
		{0CB99819-A666-496E-89A2-C83596246595}.Release|Any CPU.Build.0 = Release|Any CPU
	EndGlobalSection
	GlobalSection(SolutionProperties) = preSolution
		HideSolutionNode = FALSE
	EndGlobalSection
	GlobalSection(ExtensibilityGlobals) = postSolution
		SolutionGuid = {609ABCAF-8494-4153-9F9E-7CE66B6E7EC8}
	EndGlobalSection
EndGlobal
